
Microsoft Visual Studio Solution File, Format Version 12.00
# Visual Studio Version 17
VisualStudioVersion = 17.13.35825.156 d17.13
MinimumVisualStudioVersion = 10.0.40219.1
Project("{FAE04EC0-301F-11D3-BF4B-00C04F79EFBC}") = "CS_Tik_Tak_Toe", "CS_Tik_Tak_Toe.csproj", "{29013126-C814-40B7-A7A7-4EE8AC00D248}"
EndProject
Global
	GlobalSection(SolutionConfigurationPlatforms) = preSolution
		Debug|Any CPU = Debug|Any CPU
		Release|Any CPU = Release|Any CPU
	EndGlobalSection
	GlobalSection(ProjectConfigurationPlatforms) = postSolution
		{29013126-C814-40B7-A7A7-4EE8AC00D248}.Debug|Any CPU.ActiveCfg = Debug|Any CPU
		{29013126-C814-40B7-A7A7-4EE8AC00D248}.Debug|Any CPU.Build.0 = Debug|Any CPU
		{29013126-C814-40B7-A7A7-4EE8AC00D248}.Release|Any CPU.ActiveCfg = Release|Any CPU
		{29013126-C814-40B7-A7A7-4EE8AC00D248}.Release|Any CPU.Build.0 = Release|Any CPU
	EndGlobalSection
	GlobalSection(SolutionProperties) = preSolution
		HideSolutionNode = FALSE
	EndGlobalSection
	GlobalSection(ExtensibilityGlobals) = postSolution
		SolutionGuid = {5FDD8C2C-C059-4F8C-BD7F-248FA9B03566}
	EndGlobalSection
EndGlobal
